
Microsoft Visual Studio Solution File, Format Version 12.00
# Visual Studio Version 17
VisualStudioVersion = 17.9.34902.65
MinimumVisualStudioVersion = 10.0.40219.1
Project("{2150E333-8FDC-42A3-9474-1A3956D46DE8}") = "Services", "Services", "{45AFF4CF-B88C-49CE-AE67-71E9B8AB254F}"
EndProject
Project("{2150E333-8FDC-42A3-9474-1A3956D46DE8}") = "Catalog", "Catalog", "{79E09EFE-E142-40E1-BD05-F8ACA4AD530E}"
EndProject
Project("{9A19103F-16F7-4668-BE54-9A1E7A4F7556}") = "Catalog.API", "services\catalog\Catalog.API\Catalog.API.csproj", "{312C6642-BAC0-4AD5-8D1F-4D7D37FB3235}"
	ProjectSection(ProjectDependencies) = postProject
		{2A063C21-0223-44BD-BC30-962DE8FA1F02} = {2A063C21-0223-44BD-BC30-962DE8FA1F02}
	EndProjectSection
EndProject
Project("{2150E333-8FDC-42A3-9474-1A3956D46DE8}") = "BuildingBlocks", "BuildingBlocks", "{E2358174-069A-4855-9DE5-18BB35930BEA}"
EndProject
Project("{9A19103F-16F7-4668-BE54-9A1E7A4F7556}") = "BuildingBlocks", "BuildingBlocks\BuildingBlocks\BuildingBlocks.csproj", "{2A063C21-0223-44BD-BC30-962DE8FA1F02}"
EndProject
Project("{E53339B2-1760-4266-BCC7-CA923CBCF16C}") = "docker-compose", "docker-compose.dcproj", "{573C4581-A42E-4998-A6D3-6A245A562F1B}"
EndProject
Project("{2150E333-8FDC-42A3-9474-1A3956D46DE8}") = "Basket", "Basket", "{4C05D434-16BF-4BD5-926C-AA47696EBEB2}"
EndProject
Project("{FAE04EC0-301F-11D3-BF4B-00C04F79EFBC}") = "Basket.API", "services\Basket\Basket.API\Basket.API.csproj", "{64425306-7C89-4CC9-BB3B-96C055AD9689}"
EndProject
Global
	GlobalSection(SolutionConfigurationPlatforms) = preSolution
		Debug|Any CPU = Debug|Any CPU
		Release|Any CPU = Release|Any CPU
	EndGlobalSection
	GlobalSection(ProjectConfigurationPlatforms) = postSolution
		{312C6642-BAC0-4AD5-8D1F-4D7D37FB3235}.Debug|Any CPU.ActiveCfg = Debug|Any CPU
		{312C6642-BAC0-4AD5-8D1F-4D7D37FB3235}.Debug|Any CPU.Build.0 = Debug|Any CPU
		{312C6642-BAC0-4AD5-8D1F-4D7D37FB3235}.Release|Any CPU.ActiveCfg = Release|Any CPU
		{312C6642-BAC0-4AD5-8D1F-4D7D37FB3235}.Release|Any CPU.Build.0 = Release|Any CPU
		{2A063C21-0223-44BD-BC30-962DE8FA1F02}.Debug|Any CPU.ActiveCfg = Debug|Any CPU
		{2A063C21-0223-44BD-BC30-962DE8FA1F02}.Debug|Any CPU.Build.0 = Debug|Any CPU
		{2A063C21-0223-44BD-BC30-962DE8FA1F02}.Release|Any CPU.ActiveCfg = Release|Any CPU
		{2A063C21-0223-44BD-BC30-962DE8FA1F02}.Release|Any CPU.Build.0 = Release|Any CPU
		{573C4581-A42E-4998-A6D3-6A245A562F1B}.Debug|Any CPU.ActiveCfg = Debug|Any CPU
		{573C4581-A42E-4998-A6D3-6A245A562F1B}.Debug|Any CPU.Build.0 = Debug|Any CPU
		{573C4581-A42E-4998-A6D3-6A245A562F1B}.Release|Any CPU.ActiveCfg = Release|Any CPU
		{573C4581-A42E-4998-A6D3-6A245A562F1B}.Release|Any CPU.Build.0 = Release|Any CPU
		{64425306-7C89-4CC9-BB3B-96C055AD9689}.Debug|Any CPU.ActiveCfg = Debug|Any CPU
		{64425306-7C89-4CC9-BB3B-96C055AD9689}.Debug|Any CPU.Build.0 = Debug|Any CPU
		{64425306-7C89-4CC9-BB3B-96C055AD9689}.Release|Any CPU.ActiveCfg = Release|Any CPU
		{64425306-7C89-4CC9-BB3B-96C055AD9689}.Release|Any CPU.Build.0 = Release|Any CPU
	EndGlobalSection
	GlobalSection(SolutionProperties) = preSolution
		HideSolutionNode = FALSE
	EndGlobalSection
	GlobalSection(NestedProjects) = preSolution
		{79E09EFE-E142-40E1-BD05-F8ACA4AD530E} = {45AFF4CF-B88C-49CE-AE67-71E9B8AB254F}
		{312C6642-BAC0-4AD5-8D1F-4D7D37FB3235} = {79E09EFE-E142-40E1-BD05-F8ACA4AD530E}
		{2A063C21-0223-44BD-BC30-962DE8FA1F02} = {E2358174-069A-4855-9DE5-18BB35930BEA}
		{4C05D434-16BF-4BD5-926C-AA47696EBEB2} = {45AFF4CF-B88C-49CE-AE67-71E9B8AB254F}
		{64425306-7C89-4CC9-BB3B-96C055AD9689} = {4C05D434-16BF-4BD5-926C-AA47696EBEB2}
	EndGlobalSection
	GlobalSection(ExtensibilityGlobals) = postSolution
		SolutionGuid = {9117DE0F-0EB0-469E-8BAD-C7838B3A5FB8}
	EndGlobalSection
EndGlobal
